// !$*UTF8*$!
{
	archiveVersion = 1;
	classes = {
	};
	objectVersion = 56;
	objects = {

/* Begin PBXBuildFile section */
		0F85ED812BD902A900C48C75 /* ConfigSchema.swift in Sources */ = {isa = PBXBuildFile; fileRef = 0F85ED802BD902A900C48C75 /* ConfigSchema.swift */; };
		0F85ED832BD902B400C48C75 /* ConfigVIewModel.swift in Sources */ = {isa = PBXBuildFile; fileRef = 0F85ED822BD902B400C48C75 /* ConfigVIewModel.swift */; };
		0F85ED872BDA71F800C48C75 /* BookDetailView.swift in Sources */ = {isa = PBXBuildFile; fileRef = 0F85ED862BDA71F800C48C75 /* BookDetailView.swift */; };
		1F7C0E4D2BD7A920007D5221 /* StaffSchema.swift in Sources */ = {isa = PBXBuildFile; fileRef = 1F7C0E4C2BD7A920007D5221 /* StaffSchema.swift */; };
		1F7C0E502BD7B142007D5221 /* StaffViewModel.swift in Sources */ = {isa = PBXBuildFile; fileRef = 1F7C0E4F2BD7B142007D5221 /* StaffViewModel.swift */; };
		1F7C0E522BD7B3B2007D5221 /* AddStaffView.swift in Sources */ = {isa = PBXBuildFile; fileRef = 1F7C0E512BD7B3B2007D5221 /* AddStaffView.swift */; };
		1F7C0E542BD7B62A007D5221 /* ImagePicker.swift in Sources */ = {isa = PBXBuildFile; fileRef = 1F7C0E532BD7B62A007D5221 /* ImagePicker.swift */; };
		1F84616D2BD6563E008B7B3E /* ThemeProtocol.swift in Sources */ = {isa = PBXBuildFile; fileRef = 1F84616C2BD6563E008B7B3E /* ThemeProtocol.swift */; };
		1F84616F2BD65679008B7B3E /* ThemeManager.swift in Sources */ = {isa = PBXBuildFile; fileRef = 1F84616E2BD65679008B7B3E /* ThemeManager.swift */; };
		1F8461712BD6583B008B7B3E /* Colors.xcassets in Resources */ = {isa = PBXBuildFile; fileRef = 1F8461702BD6583B008B7B3E /* Colors.xcassets */; };
		84080F2D2BDE01A3005293B8 /* UpdateCategoriesView.swift in Sources */ = {isa = PBXBuildFile; fileRef = 84080F2C2BDE01A3005293B8 /* UpdateCategoriesView.swift */; };
		84080F2F2BDE01B6005293B8 /* UpdateCategoriesButton.swift in Sources */ = {isa = PBXBuildFile; fileRef = 84080F2E2BDE01B6005293B8 /* UpdateCategoriesButton.swift */; };
		840A18ED2BE03F2700B9ED91 /* UserProfileView.swift in Sources */ = {isa = PBXBuildFile; fileRef = 840A18EC2BE03F2700B9ED91 /* UserProfileView.swift */; };
		840A18EF2BE040F700B9ED91 /* TextFieldComponent.swift in Sources */ = {isa = PBXBuildFile; fileRef = 840A18EE2BE040F700B9ED91 /* TextFieldComponent.swift */; };
		841045A92BD8D7D400E801D0 /* AuthViewModel.swift in Sources */ = {isa = PBXBuildFile; fileRef = 841045A82BD8D7D400E801D0 /* AuthViewModel.swift */; };
		84301CB52BDA126F004CF581 /* MemberHome.swift in Sources */ = {isa = PBXBuildFile; fileRef = 84301CB42BDA126F004CF581 /* MemberHome.swift */; };
		84301CB72BDA13C8004CF581 /* MemberTabView.swift in Sources */ = {isa = PBXBuildFile; fileRef = 84301CB62BDA13C8004CF581 /* MemberTabView.swift */; };
		84301CB92BDA4B87004CF581 /* StaffDetailsView.swift in Sources */ = {isa = PBXBuildFile; fileRef = 84301CB82BDA4B87004CF581 /* StaffDetailsView.swift */; };
		845F7D702BD8DFD9006831F8 /* Membership.swift in Sources */ = {isa = PBXBuildFile; fileRef = 845F7D6F2BD8DFD9006831F8 /* Membership.swift */; };
		845F7D722BD8E0BD006831F8 /* Filter.swift in Sources */ = {isa = PBXBuildFile; fileRef = 845F7D712BD8E0BD006831F8 /* Filter.swift */; };
		848B46722BD78DF900143E7A /* NotificationView.swift in Sources */ = {isa = PBXBuildFile; fileRef = 848B46712BD78DF900143E7A /* NotificationView.swift */; };
		84D3293E2BDE707000E75F81 /* EditStaffDetailsView.swift in Sources */ = {isa = PBXBuildFile; fileRef = 84D3293D2BDE707000E75F81 /* EditStaffDetailsView.swift */; };
		84E87D512BD7D40C00FAD5DC /* AdminCategoriesView.swift in Sources */ = {isa = PBXBuildFile; fileRef = 84E87D502BD7D40C00FAD5DC /* AdminCategoriesView.swift */; };
		84E87D552BD7D44800FAD5DC /* AdminSubCategoriesView.swift in Sources */ = {isa = PBXBuildFile; fileRef = 84E87D542BD7D44800FAD5DC /* AdminSubCategoriesView.swift */; };
		84E87D572BD7D4C300FAD5DC /* AddCategoriesButton.swift in Sources */ = {isa = PBXBuildFile; fileRef = 84E87D562BD7D4C300FAD5DC /* AddCategoriesButton.swift */; };
		84E87D592BD7D4E200FAD5DC /* AddCategoriesView.swift in Sources */ = {isa = PBXBuildFile; fileRef = 84E87D582BD7D4E200FAD5DC /* AddCategoriesView.swift */; };
		84E87D5B2BD7D4FB00FAD5DC /* AdminCategoriesCard.swift in Sources */ = {isa = PBXBuildFile; fileRef = 84E87D5A2BD7D4FB00FAD5DC /* AdminCategoriesCard.swift */; };
		84E87D5D2BD7D51400FAD5DC /* CardListView.swift in Sources */ = {isa = PBXBuildFile; fileRef = 84E87D5C2BD7D51400FAD5DC /* CardListView.swift */; };
		84E87D5F2BD7D52900FAD5DC /* EditCategoriesView.swift in Sources */ = {isa = PBXBuildFile; fileRef = 84E87D5E2BD7D52900FAD5DC /* EditCategoriesView.swift */; };
		84E87D612BD7D5EA00FAD5DC /* CardListDetailView.swift in Sources */ = {isa = PBXBuildFile; fileRef = 84E87D602BD7D5EA00FAD5DC /* CardListDetailView.swift */; };
		84E96EE02BDA2A2700A572BC /* MemberViewList.swift in Sources */ = {isa = PBXBuildFile; fileRef = 84E96EDF2BDA2A2700A572BC /* MemberViewList.swift */; };
		D55820C72BD61AB0005A00F9 /* Library_Management_SystemApp.swift in Sources */ = {isa = PBXBuildFile; fileRef = D55820C62BD61AB0005A00F9 /* Library_Management_SystemApp.swift */; };
		D55820C92BD61AB0005A00F9 /* ContentView.swift in Sources */ = {isa = PBXBuildFile; fileRef = D55820C82BD61AB0005A00F9 /* ContentView.swift */; };
		D55820CB2BD61AB2005A00F9 /* Assets.xcassets in Resources */ = {isa = PBXBuildFile; fileRef = D55820CA2BD61AB2005A00F9 /* Assets.xcassets */; };
		D55820CE2BD61AB2005A00F9 /* Preview Assets.xcassets in Resources */ = {isa = PBXBuildFile; fileRef = D55820CD2BD61AB2005A00F9 /* Preview Assets.xcassets */; };
		D55820D82BD61AB2005A00F9 /* Library_Management_SystemTests.swift in Sources */ = {isa = PBXBuildFile; fileRef = D55820D72BD61AB2005A00F9 /* Library_Management_SystemTests.swift */; };
		D55820E22BD61AB2005A00F9 /* Library_Management_SystemUITests.swift in Sources */ = {isa = PBXBuildFile; fileRef = D55820E12BD61AB2005A00F9 /* Library_Management_SystemUITests.swift */; };
		D55820E42BD61AB2005A00F9 /* Library_Management_SystemUITestsLaunchTests.swift in Sources */ = {isa = PBXBuildFile; fileRef = D55820E32BD61AB2005A00F9 /* Library_Management_SystemUITestsLaunchTests.swift */; };
		D55820F22BD61ADE005A00F9 /* LoginView.swift in Sources */ = {isa = PBXBuildFile; fileRef = D55820F12BD61ADE005A00F9 /* LoginView.swift */; };
		D55820F42BD61AF2005A00F9 /* SignupView.swift in Sources */ = {isa = PBXBuildFile; fileRef = D55820F32BD61AF2005A00F9 /* SignupView.swift */; };
		D55820F62BD61BCC005A00F9 /* GoogleService-Info.plist in Resources */ = {isa = PBXBuildFile; fileRef = D55820F52BD61BCC005A00F9 /* GoogleService-Info.plist */; };
		D55821062BD63AF4005A00F9 /* LibrarianFirstScreenView.swift in Sources */ = {isa = PBXBuildFile; fileRef = D55821052BD63AF4005A00F9 /* LibrarianFirstScreenView.swift */; };
		D57BFDAF2BDD233E0094A0B5 /* Books.swift in Sources */ = {isa = PBXBuildFile; fileRef = D57BFDAE2BDD233E0094A0B5 /* Books.swift */; };
		D57BFDB12BDD23480094A0B5 /* Support.swift in Sources */ = {isa = PBXBuildFile; fileRef = D57BFDB02BDD23480094A0B5 /* Support.swift */; };
		D57BFDB32BDD24FD0094A0B5 /* UserBooksModel.swift in Sources */ = {isa = PBXBuildFile; fileRef = D57BFDB22BDD24FD0094A0B5 /* UserBooksModel.swift */; };
		DC1D402C2BD6EB4A00970C7B /* BookSchema.swift in Sources */ = {isa = PBXBuildFile; fileRef = DC1D402B2BD6EB4A00970C7B /* BookSchema.swift */; };
		DC1D402E2BD76BF000970C7B /* AddBookPage.swift in Sources */ = {isa = PBXBuildFile; fileRef = DC1D402D2BD76BF000970C7B /* AddBookPage.swift */; };
		DC1D40302BD77E4B00970C7B /* AdminHomeView.swift in Sources */ = {isa = PBXBuildFile; fileRef = DC1D402F2BD77E4B00970C7B /* AdminHomeView.swift */; };
		DC1D40322BD77E8000970C7B /* AdminStaffView.swift in Sources */ = {isa = PBXBuildFile; fileRef = DC1D40312BD77E8000970C7B /* AdminStaffView.swift */; };
		DC1D40342BD77E9600970C7B /* AdminTabView.swift in Sources */ = {isa = PBXBuildFile; fileRef = DC1D40332BD77E9600970C7B /* AdminTabView.swift */; };
		DC48E7222BD6E78000794A7C /* LibrarianViewModel.swift in Sources */ = {isa = PBXBuildFile; fileRef = DC48E7212BD6E78000794A7C /* LibrarianViewModel.swift */; };
		DC79BDC42BDA23710048F1DE /* UpdateBookPage.swift in Sources */ = {isa = PBXBuildFile; fileRef = DC79BDC32BDA23710048F1DE /* UpdateBookPage.swift */; };
		DC79BDC62BDA23780048F1DE /* BooksPage.swift in Sources */ = {isa = PBXBuildFile; fileRef = DC79BDC52BDA23780048F1DE /* BooksPage.swift */; };
		DC853EF72BDF6B8300047DBD /* FirebaseAnalytics in Frameworks */ = {isa = PBXBuildFile; productRef = DC853EF62BDF6B8300047DBD /* FirebaseAnalytics */; };
		DC853EF92BDF6B8300047DBD /* FirebaseAnalyticsOnDeviceConversion in Frameworks */ = {isa = PBXBuildFile; productRef = DC853EF82BDF6B8300047DBD /* FirebaseAnalyticsOnDeviceConversion */; };
		DC853EFB2BDF6B8300047DBD /* FirebaseAnalyticsSwift in Frameworks */ = {isa = PBXBuildFile; productRef = DC853EFA2BDF6B8300047DBD /* FirebaseAnalyticsSwift */; };
		DC853EFD2BDF6B8300047DBD /* FirebaseAnalyticsWithoutAdIdSupport in Frameworks */ = {isa = PBXBuildFile; productRef = DC853EFC2BDF6B8300047DBD /* FirebaseAnalyticsWithoutAdIdSupport */; };
		DC853EFF2BDF6B8300047DBD /* FirebaseAppCheck in Frameworks */ = {isa = PBXBuildFile; productRef = DC853EFE2BDF6B8300047DBD /* FirebaseAppCheck */; };
		DC853F012BDF6B8300047DBD /* FirebaseAppDistribution-Beta in Frameworks */ = {isa = PBXBuildFile; productRef = DC853F002BDF6B8300047DBD /* FirebaseAppDistribution-Beta */; };
		DC853F032BDF6B8300047DBD /* FirebaseAuth in Frameworks */ = {isa = PBXBuildFile; productRef = DC853F022BDF6B8300047DBD /* FirebaseAuth */; };
		DC853F052BDF6B8300047DBD /* FirebaseAuthCombine-Community in Frameworks */ = {isa = PBXBuildFile; productRef = DC853F042BDF6B8300047DBD /* FirebaseAuthCombine-Community */; };
		DC853F072BDF6B8300047DBD /* FirebaseCrashlytics in Frameworks */ = {isa = PBXBuildFile; productRef = DC853F062BDF6B8300047DBD /* FirebaseCrashlytics */; };
		DC853F092BDF6B8300047DBD /* FirebaseDatabase in Frameworks */ = {isa = PBXBuildFile; productRef = DC853F082BDF6B8300047DBD /* FirebaseDatabase */; };
		DC853F0B2BDF6B8300047DBD /* FirebaseDatabaseSwift in Frameworks */ = {isa = PBXBuildFile; productRef = DC853F0A2BDF6B8300047DBD /* FirebaseDatabaseSwift */; };
		DC853F0D2BDF6B8300047DBD /* FirebaseDynamicLinks in Frameworks */ = {isa = PBXBuildFile; productRef = DC853F0C2BDF6B8300047DBD /* FirebaseDynamicLinks */; };
		DC853F0F2BDF6B8300047DBD /* FirebaseFirestore in Frameworks */ = {isa = PBXBuildFile; productRef = DC853F0E2BDF6B8300047DBD /* FirebaseFirestore */; };
		DC853F112BDF6B8300047DBD /* FirebaseFirestoreCombine-Community in Frameworks */ = {isa = PBXBuildFile; productRef = DC853F102BDF6B8300047DBD /* FirebaseFirestoreCombine-Community */; };
		DC853F132BDF6B8300047DBD /* FirebaseFirestoreSwift in Frameworks */ = {isa = PBXBuildFile; productRef = DC853F122BDF6B8300047DBD /* FirebaseFirestoreSwift */; };
		DC853F152BDF6B8300047DBD /* FirebaseFunctions in Frameworks */ = {isa = PBXBuildFile; productRef = DC853F142BDF6B8300047DBD /* FirebaseFunctions */; };
		DC853F172BDF6B8300047DBD /* FirebaseFunctionsCombine-Community in Frameworks */ = {isa = PBXBuildFile; productRef = DC853F162BDF6B8300047DBD /* FirebaseFunctionsCombine-Community */; };
		DC853F192BDF6B8300047DBD /* FirebaseInAppMessaging-Beta in Frameworks */ = {isa = PBXBuildFile; productRef = DC853F182BDF6B8300047DBD /* FirebaseInAppMessaging-Beta */; };
		DC853F1B2BDF6B8300047DBD /* FirebaseInAppMessagingSwift-Beta in Frameworks */ = {isa = PBXBuildFile; productRef = DC853F1A2BDF6B8300047DBD /* FirebaseInAppMessagingSwift-Beta */; };
		DC853F1D2BDF6B8300047DBD /* FirebaseInstallations in Frameworks */ = {isa = PBXBuildFile; productRef = DC853F1C2BDF6B8300047DBD /* FirebaseInstallations */; };
		DC853F1F2BDF6B8300047DBD /* FirebaseMLModelDownloader in Frameworks */ = {isa = PBXBuildFile; productRef = DC853F1E2BDF6B8300047DBD /* FirebaseMLModelDownloader */; };
		DC853F212BDF6B8300047DBD /* FirebaseMessaging in Frameworks */ = {isa = PBXBuildFile; productRef = DC853F202BDF6B8300047DBD /* FirebaseMessaging */; };
		DC853F232BDF6B8300047DBD /* FirebasePerformance in Frameworks */ = {isa = PBXBuildFile; productRef = DC853F222BDF6B8300047DBD /* FirebasePerformance */; };
		DC853F252BDF6B8300047DBD /* FirebaseRemoteConfig in Frameworks */ = {isa = PBXBuildFile; productRef = DC853F242BDF6B8300047DBD /* FirebaseRemoteConfig */; };
		DC853F272BDF6B8300047DBD /* FirebaseRemoteConfigSwift in Frameworks */ = {isa = PBXBuildFile; productRef = DC853F262BDF6B8300047DBD /* FirebaseRemoteConfigSwift */; };
		DC853F292BDF6B8300047DBD /* FirebaseStorage in Frameworks */ = {isa = PBXBuildFile; productRef = DC853F282BDF6B8300047DBD /* FirebaseStorage */; };
		DC853F2B2BDF6B8300047DBD /* FirebaseStorageCombine-Community in Frameworks */ = {isa = PBXBuildFile; productRef = DC853F2A2BDF6B8300047DBD /* FirebaseStorageCombine-Community */; };
/* End PBXBuildFile section */

/* Begin PBXContainerItemProxy section */
		D55820D42BD61AB2005A00F9 /* PBXContainerItemProxy */ = {
			isa = PBXContainerItemProxy;
			containerPortal = D55820BB2BD61AB0005A00F9 /* Project object */;
			proxyType = 1;
			remoteGlobalIDString = D55820C22BD61AB0005A00F9;
			remoteInfo = "Library Management System";
		};
		D55820DE2BD61AB2005A00F9 /* PBXContainerItemProxy */ = {
			isa = PBXContainerItemProxy;
			containerPortal = D55820BB2BD61AB0005A00F9 /* Project object */;
			proxyType = 1;
			remoteGlobalIDString = D55820C22BD61AB0005A00F9;
			remoteInfo = "Library Management System";
		};
/* End PBXContainerItemProxy section */

/* Begin PBXFileReference section */
		0F85ED802BD902A900C48C75 /* ConfigSchema.swift */ = {isa = PBXFileReference; lastKnownFileType = sourcecode.swift; path = ConfigSchema.swift; sourceTree = "<group>"; };
		0F85ED822BD902B400C48C75 /* ConfigVIewModel.swift */ = {isa = PBXFileReference; lastKnownFileType = sourcecode.swift; path = ConfigVIewModel.swift; sourceTree = "<group>"; };
		0F85ED862BDA71F800C48C75 /* BookDetailView.swift */ = {isa = PBXFileReference; lastKnownFileType = sourcecode.swift; path = BookDetailView.swift; sourceTree = "<group>"; };
		1F7C0E4C2BD7A920007D5221 /* StaffSchema.swift */ = {isa = PBXFileReference; lastKnownFileType = sourcecode.swift; path = StaffSchema.swift; sourceTree = "<group>"; };
		1F7C0E4F2BD7B142007D5221 /* StaffViewModel.swift */ = {isa = PBXFileReference; lastKnownFileType = sourcecode.swift; path = StaffViewModel.swift; sourceTree = "<group>"; };
		1F7C0E512BD7B3B2007D5221 /* AddStaffView.swift */ = {isa = PBXFileReference; lastKnownFileType = sourcecode.swift; path = AddStaffView.swift; sourceTree = "<group>"; };
		1F7C0E532BD7B62A007D5221 /* ImagePicker.swift */ = {isa = PBXFileReference; lastKnownFileType = sourcecode.swift; path = ImagePicker.swift; sourceTree = "<group>"; };
		1F84616C2BD6563E008B7B3E /* ThemeProtocol.swift */ = {isa = PBXFileReference; lastKnownFileType = sourcecode.swift; path = ThemeProtocol.swift; sourceTree = "<group>"; };
		1F84616E2BD65679008B7B3E /* ThemeManager.swift */ = {isa = PBXFileReference; lastKnownFileType = sourcecode.swift; path = ThemeManager.swift; sourceTree = "<group>"; };
		1F8461702BD6583B008B7B3E /* Colors.xcassets */ = {isa = PBXFileReference; lastKnownFileType = folder.assetcatalog; path = Colors.xcassets; sourceTree = "<group>"; };
		84080F2C2BDE01A3005293B8 /* UpdateCategoriesView.swift */ = {isa = PBXFileReference; lastKnownFileType = sourcecode.swift; path = UpdateCategoriesView.swift; sourceTree = "<group>"; };
		84080F2E2BDE01B6005293B8 /* UpdateCategoriesButton.swift */ = {isa = PBXFileReference; lastKnownFileType = sourcecode.swift; path = UpdateCategoriesButton.swift; sourceTree = "<group>"; };
		840A18EC2BE03F2700B9ED91 /* UserProfileView.swift */ = {isa = PBXFileReference; lastKnownFileType = sourcecode.swift; path = UserProfileView.swift; sourceTree = "<group>"; };
		840A18EE2BE040F700B9ED91 /* TextFieldComponent.swift */ = {isa = PBXFileReference; lastKnownFileType = sourcecode.swift; path = TextFieldComponent.swift; sourceTree = "<group>"; };
		841045A82BD8D7D400E801D0 /* AuthViewModel.swift */ = {isa = PBXFileReference; lastKnownFileType = sourcecode.swift; path = AuthViewModel.swift; sourceTree = "<group>"; };
		84301CB42BDA126F004CF581 /* MemberHome.swift */ = {isa = PBXFileReference; lastKnownFileType = sourcecode.swift; path = MemberHome.swift; sourceTree = "<group>"; };
		84301CB62BDA13C8004CF581 /* MemberTabView.swift */ = {isa = PBXFileReference; lastKnownFileType = sourcecode.swift; path = MemberTabView.swift; sourceTree = "<group>"; };
		84301CB82BDA4B87004CF581 /* StaffDetailsView.swift */ = {isa = PBXFileReference; lastKnownFileType = sourcecode.swift; path = StaffDetailsView.swift; sourceTree = "<group>"; };
		845F7D6F2BD8DFD9006831F8 /* Membership.swift */ = {isa = PBXFileReference; lastKnownFileType = sourcecode.swift; path = Membership.swift; sourceTree = "<group>"; };
		845F7D712BD8E0BD006831F8 /* Filter.swift */ = {isa = PBXFileReference; lastKnownFileType = sourcecode.swift; path = Filter.swift; sourceTree = "<group>"; };
		848B46712BD78DF900143E7A /* NotificationView.swift */ = {isa = PBXFileReference; lastKnownFileType = sourcecode.swift; path = NotificationView.swift; sourceTree = "<group>"; };
		84D3293D2BDE707000E75F81 /* EditStaffDetailsView.swift */ = {isa = PBXFileReference; lastKnownFileType = sourcecode.swift; path = EditStaffDetailsView.swift; sourceTree = "<group>"; };
		84E87D502BD7D40C00FAD5DC /* AdminCategoriesView.swift */ = {isa = PBXFileReference; lastKnownFileType = sourcecode.swift; path = AdminCategoriesView.swift; sourceTree = "<group>"; };
		84E87D542BD7D44800FAD5DC /* AdminSubCategoriesView.swift */ = {isa = PBXFileReference; lastKnownFileType = sourcecode.swift; path = AdminSubCategoriesView.swift; sourceTree = "<group>"; };
		84E87D562BD7D4C300FAD5DC /* AddCategoriesButton.swift */ = {isa = PBXFileReference; lastKnownFileType = sourcecode.swift; path = AddCategoriesButton.swift; sourceTree = "<group>"; };
		84E87D582BD7D4E200FAD5DC /* AddCategoriesView.swift */ = {isa = PBXFileReference; lastKnownFileType = sourcecode.swift; path = AddCategoriesView.swift; sourceTree = "<group>"; };
		84E87D5A2BD7D4FB00FAD5DC /* AdminCategoriesCard.swift */ = {isa = PBXFileReference; lastKnownFileType = sourcecode.swift; path = AdminCategoriesCard.swift; sourceTree = "<group>"; };
		84E87D5C2BD7D51400FAD5DC /* CardListView.swift */ = {isa = PBXFileReference; lastKnownFileType = sourcecode.swift; path = CardListView.swift; sourceTree = "<group>"; };
		84E87D5E2BD7D52900FAD5DC /* EditCategoriesView.swift */ = {isa = PBXFileReference; lastKnownFileType = sourcecode.swift; path = EditCategoriesView.swift; sourceTree = "<group>"; };
		84E87D602BD7D5EA00FAD5DC /* CardListDetailView.swift */ = {isa = PBXFileReference; lastKnownFileType = sourcecode.swift; path = CardListDetailView.swift; sourceTree = "<group>"; };
		84E96EDF2BDA2A2700A572BC /* MemberViewList.swift */ = {isa = PBXFileReference; lastKnownFileType = sourcecode.swift; path = MemberViewList.swift; sourceTree = "<group>"; };
		D55820C32BD61AB0005A00F9 /* Library Management System.app */ = {isa = PBXFileReference; explicitFileType = wrapper.application; includeInIndex = 0; path = "Library Management System.app"; sourceTree = BUILT_PRODUCTS_DIR; };
		D55820C62BD61AB0005A00F9 /* Library_Management_SystemApp.swift */ = {isa = PBXFileReference; lastKnownFileType = sourcecode.swift; path = Library_Management_SystemApp.swift; sourceTree = "<group>"; };
		D55820C82BD61AB0005A00F9 /* ContentView.swift */ = {isa = PBXFileReference; lastKnownFileType = sourcecode.swift; path = ContentView.swift; sourceTree = "<group>"; };
		D55820CA2BD61AB2005A00F9 /* Assets.xcassets */ = {isa = PBXFileReference; lastKnownFileType = folder.assetcatalog; path = Assets.xcassets; sourceTree = "<group>"; };
		D55820CD2BD61AB2005A00F9 /* Preview Assets.xcassets */ = {isa = PBXFileReference; lastKnownFileType = folder.assetcatalog; path = "Preview Assets.xcassets"; sourceTree = "<group>"; };
		D55820D32BD61AB2005A00F9 /* Library Management SystemTests.xctest */ = {isa = PBXFileReference; explicitFileType = wrapper.cfbundle; includeInIndex = 0; path = "Library Management SystemTests.xctest"; sourceTree = BUILT_PRODUCTS_DIR; };
		D55820D72BD61AB2005A00F9 /* Library_Management_SystemTests.swift */ = {isa = PBXFileReference; lastKnownFileType = sourcecode.swift; path = Library_Management_SystemTests.swift; sourceTree = "<group>"; };
		D55820DD2BD61AB2005A00F9 /* Library Management SystemUITests.xctest */ = {isa = PBXFileReference; explicitFileType = wrapper.cfbundle; includeInIndex = 0; path = "Library Management SystemUITests.xctest"; sourceTree = BUILT_PRODUCTS_DIR; };
		D55820E12BD61AB2005A00F9 /* Library_Management_SystemUITests.swift */ = {isa = PBXFileReference; lastKnownFileType = sourcecode.swift; path = Library_Management_SystemUITests.swift; sourceTree = "<group>"; };
		D55820E32BD61AB2005A00F9 /* Library_Management_SystemUITestsLaunchTests.swift */ = {isa = PBXFileReference; lastKnownFileType = sourcecode.swift; path = Library_Management_SystemUITestsLaunchTests.swift; sourceTree = "<group>"; };
		D55820F12BD61ADE005A00F9 /* LoginView.swift */ = {isa = PBXFileReference; lastKnownFileType = sourcecode.swift; path = LoginView.swift; sourceTree = "<group>"; };
		D55820F32BD61AF2005A00F9 /* SignupView.swift */ = {isa = PBXFileReference; lastKnownFileType = sourcecode.swift; path = SignupView.swift; sourceTree = "<group>"; };
		D55820F52BD61BCC005A00F9 /* GoogleService-Info.plist */ = {isa = PBXFileReference; fileEncoding = 4; lastKnownFileType = text.plist.xml; path = "GoogleService-Info.plist"; sourceTree = "<group>"; };
		D55821052BD63AF4005A00F9 /* LibrarianFirstScreenView.swift */ = {isa = PBXFileReference; lastKnownFileType = sourcecode.swift; path = LibrarianFirstScreenView.swift; sourceTree = "<group>"; };
		D57BFDAE2BDD233E0094A0B5 /* Books.swift */ = {isa = PBXFileReference; lastKnownFileType = sourcecode.swift; path = Books.swift; sourceTree = "<group>"; };
		D57BFDB02BDD23480094A0B5 /* Support.swift */ = {isa = PBXFileReference; lastKnownFileType = sourcecode.swift; path = Support.swift; sourceTree = "<group>"; };
		D57BFDB22BDD24FD0094A0B5 /* UserBooksModel.swift */ = {isa = PBXFileReference; lastKnownFileType = sourcecode.swift; path = UserBooksModel.swift; sourceTree = "<group>"; };
		DC1D402B2BD6EB4A00970C7B /* BookSchema.swift */ = {isa = PBXFileReference; lastKnownFileType = sourcecode.swift; path = BookSchema.swift; sourceTree = "<group>"; };
		DC1D402D2BD76BF000970C7B /* AddBookPage.swift */ = {isa = PBXFileReference; lastKnownFileType = sourcecode.swift; path = AddBookPage.swift; sourceTree = "<group>"; };
		DC1D402F2BD77E4B00970C7B /* AdminHomeView.swift */ = {isa = PBXFileReference; fileEncoding = 4; lastKnownFileType = sourcecode.swift; path = AdminHomeView.swift; sourceTree = "<group>"; };
		DC1D40312BD77E8000970C7B /* AdminStaffView.swift */ = {isa = PBXFileReference; fileEncoding = 4; lastKnownFileType = sourcecode.swift; path = AdminStaffView.swift; sourceTree = "<group>"; };
		DC1D40332BD77E9600970C7B /* AdminTabView.swift */ = {isa = PBXFileReference; fileEncoding = 4; lastKnownFileType = sourcecode.swift; path = AdminTabView.swift; sourceTree = "<group>"; };
		DC48E7212BD6E78000794A7C /* LibrarianViewModel.swift */ = {isa = PBXFileReference; lastKnownFileType = sourcecode.swift; path = LibrarianViewModel.swift; sourceTree = "<group>"; };
		DC79BDC32BDA23710048F1DE /* UpdateBookPage.swift */ = {isa = PBXFileReference; fileEncoding = 4; lastKnownFileType = sourcecode.swift; path = UpdateBookPage.swift; sourceTree = "<group>"; };
		DC79BDC52BDA23780048F1DE /* BooksPage.swift */ = {isa = PBXFileReference; fileEncoding = 4; lastKnownFileType = sourcecode.swift; path = BooksPage.swift; sourceTree = "<group>"; };
/* End PBXFileReference section */

/* Begin PBXFrameworksBuildPhase section */
		D55820C02BD61AB0005A00F9 /* Frameworks */ = {
			isa = PBXFrameworksBuildPhase;
			buildActionMask = 2147483647;
			files = (
				DC853F092BDF6B8300047DBD /* FirebaseDatabase in Frameworks */,
				DC853F172BDF6B8300047DBD /* FirebaseFunctionsCombine-Community in Frameworks */,
				DC853F0F2BDF6B8300047DBD /* FirebaseFirestore in Frameworks */,
				DC853EFB2BDF6B8300047DBD /* FirebaseAnalyticsSwift in Frameworks */,
				DC853EF72BDF6B8300047DBD /* FirebaseAnalytics in Frameworks */,
				DC853EF92BDF6B8300047DBD /* FirebaseAnalyticsOnDeviceConversion in Frameworks */,
				DC853F1F2BDF6B8300047DBD /* FirebaseMLModelDownloader in Frameworks */,
				DC853F132BDF6B8300047DBD /* FirebaseFirestoreSwift in Frameworks */,
				DC853EFF2BDF6B8300047DBD /* FirebaseAppCheck in Frameworks */,
				DC853EFD2BDF6B8300047DBD /* FirebaseAnalyticsWithoutAdIdSupport in Frameworks */,
				DC853F032BDF6B8300047DBD /* FirebaseAuth in Frameworks */,
				DC853F072BDF6B8300047DBD /* FirebaseCrashlytics in Frameworks */,
				DC853F272BDF6B8300047DBD /* FirebaseRemoteConfigSwift in Frameworks */,
				DC853F192BDF6B8300047DBD /* FirebaseInAppMessaging-Beta in Frameworks */,
				DC853F0B2BDF6B8300047DBD /* FirebaseDatabaseSwift in Frameworks */,
				DC853F152BDF6B8300047DBD /* FirebaseFunctions in Frameworks */,
				DC853F2B2BDF6B8300047DBD /* FirebaseStorageCombine-Community in Frameworks */,
				DC853F252BDF6B8300047DBD /* FirebaseRemoteConfig in Frameworks */,
				DC853F012BDF6B8300047DBD /* FirebaseAppDistribution-Beta in Frameworks */,
				DC853F052BDF6B8300047DBD /* FirebaseAuthCombine-Community in Frameworks */,
				DC853F232BDF6B8300047DBD /* FirebasePerformance in Frameworks */,
				DC853F1B2BDF6B8300047DBD /* FirebaseInAppMessagingSwift-Beta in Frameworks */,
				DC853F292BDF6B8300047DBD /* FirebaseStorage in Frameworks */,
				DC853F0D2BDF6B8300047DBD /* FirebaseDynamicLinks in Frameworks */,
				DC853F112BDF6B8300047DBD /* FirebaseFirestoreCombine-Community in Frameworks */,
				DC853F212BDF6B8300047DBD /* FirebaseMessaging in Frameworks */,
				DC853F1D2BDF6B8300047DBD /* FirebaseInstallations in Frameworks */,
			);
			runOnlyForDeploymentPostprocessing = 0;
		};
		D55820D02BD61AB2005A00F9 /* Frameworks */ = {
			isa = PBXFrameworksBuildPhase;
			buildActionMask = 2147483647;
			files = (
			);
			runOnlyForDeploymentPostprocessing = 0;
		};
		D55820DA2BD61AB2005A00F9 /* Frameworks */ = {
			isa = PBXFrameworksBuildPhase;
			buildActionMask = 2147483647;
			files = (
			);
			runOnlyForDeploymentPostprocessing = 0;
		};
/* End PBXFrameworksBuildPhase section */

/* Begin PBXGroup section */
		1F7C0E4B2BD7A8EB007D5221 /* Schemas */ = {
			isa = PBXGroup;
			children = (
				1F7C0E4C2BD7A920007D5221 /* StaffSchema.swift */,
				0F85ED802BD902A900C48C75 /* ConfigSchema.swift */,
			);
			path = Schemas;
			sourceTree = "<group>";
		};
		1F7C0E4E2BD7B124007D5221 /* ViewModels */ = {
			isa = PBXGroup;
			children = (
				1F7C0E4F2BD7B142007D5221 /* StaffViewModel.swift */,
				0F85ED822BD902B400C48C75 /* ConfigVIewModel.swift */,
			);
			path = ViewModels;
			sourceTree = "<group>";
		};
		1F84616B2BD6561C008B7B3E /* Colors */ = {
			isa = PBXGroup;
			children = (
				1F84616C2BD6563E008B7B3E /* ThemeProtocol.swift */,
				1F84616E2BD65679008B7B3E /* ThemeManager.swift */,
			);
			path = Colors;
			sourceTree = "<group>";
		};
		84E87D4E2BD7D3D700FAD5DC /* AdminCategories */ = {
			isa = PBXGroup;
			children = (
				84E87D4F2BD7D3E000FAD5DC /* Components */,
				84E87D502BD7D40C00FAD5DC /* AdminCategoriesView.swift */,
				84E87D542BD7D44800FAD5DC /* AdminSubCategoriesView.swift */,
			);
			path = AdminCategories;
			sourceTree = "<group>";
		};
		84E87D4F2BD7D3E000FAD5DC /* Components */ = {
			isa = PBXGroup;
			children = (
				84E87D562BD7D4C300FAD5DC /* AddCategoriesButton.swift */,
				84E87D582BD7D4E200FAD5DC /* AddCategoriesView.swift */,
				84E87D5A2BD7D4FB00FAD5DC /* AdminCategoriesCard.swift */,
				84E87D5C2BD7D51400FAD5DC /* CardListView.swift */,
				84E87D5E2BD7D52900FAD5DC /* EditCategoriesView.swift */,
				84E87D602BD7D5EA00FAD5DC /* CardListDetailView.swift */,
				0F85ED862BDA71F800C48C75 /* BookDetailView.swift */,
				84080F2C2BDE01A3005293B8 /* UpdateCategoriesView.swift */,
				84080F2E2BDE01B6005293B8 /* UpdateCategoriesButton.swift */,
			);
			path = Components;
			sourceTree = "<group>";
		};
		D55820BA2BD61AB0005A00F9 = {
			isa = PBXGroup;
			children = (
				D55820C52BD61AB0005A00F9 /* Library Management System */,
				D55820D62BD61AB2005A00F9 /* Library Management SystemTests */,
				D55820E02BD61AB2005A00F9 /* Library Management SystemUITests */,
				D55820C42BD61AB0005A00F9 /* Products */,
				D55820F82BD61C5A005A00F9 /* Frameworks */,
			);
			sourceTree = "<group>";
		};
		D55820C42BD61AB0005A00F9 /* Products */ = {
			isa = PBXGroup;
			children = (
				D55820C32BD61AB0005A00F9 /* Library Management System.app */,
				D55820D32BD61AB2005A00F9 /* Library Management SystemTests.xctest */,
				D55820DD2BD61AB2005A00F9 /* Library Management SystemUITests.xctest */,
			);
			name = Products;
			sourceTree = "<group>";
		};
		D55820C52BD61AB0005A00F9 /* Library Management System */ = {
			isa = PBXGroup;
			children = (
				D55820F52BD61BCC005A00F9 /* GoogleService-Info.plist */,
				D55820FF2BD637BD005A00F9 /* Admin */,
				D55821002BD637C4005A00F9 /* Librarian */,
				D55821012BD637CB005A00F9 /* Member */,
				D55820F02BD61ACE005A00F9 /* AuthViews */,
				D55820C62BD61AB0005A00F9 /* Library_Management_SystemApp.swift */,
				D55820C82BD61AB0005A00F9 /* ContentView.swift */,
				D55820CA2BD61AB2005A00F9 /* Assets.xcassets */,
				1F8461702BD6583B008B7B3E /* Colors.xcassets */,
				1F84616B2BD6561C008B7B3E /* Colors */,
				D55820CC2BD61AB2005A00F9 /* Preview Content */,
				1F7C0E532BD7B62A007D5221 /* ImagePicker.swift */,
			);
			path = "Library Management System";
			sourceTree = "<group>";
		};
		D55820CC2BD61AB2005A00F9 /* Preview Content */ = {
			isa = PBXGroup;
			children = (
				D55820CD2BD61AB2005A00F9 /* Preview Assets.xcassets */,
			);
			path = "Preview Content";
			sourceTree = "<group>";
		};
		D55820D62BD61AB2005A00F9 /* Library Management SystemTests */ = {
			isa = PBXGroup;
			children = (
				D55820D72BD61AB2005A00F9 /* Library_Management_SystemTests.swift */,
			);
			path = "Library Management SystemTests";
			sourceTree = "<group>";
		};
		D55820E02BD61AB2005A00F9 /* Library Management SystemUITests */ = {
			isa = PBXGroup;
			children = (
				D55820E12BD61AB2005A00F9 /* Library_Management_SystemUITests.swift */,
				D55820E32BD61AB2005A00F9 /* Library_Management_SystemUITestsLaunchTests.swift */,
			);
			path = "Library Management SystemUITests";
			sourceTree = "<group>";
		};
		D55820F02BD61ACE005A00F9 /* AuthViews */ = {
			isa = PBXGroup;
			children = (
				D55820F12BD61ADE005A00F9 /* LoginView.swift */,
				D55820F32BD61AF2005A00F9 /* SignupView.swift */,
			);
			path = AuthViews;
			sourceTree = "<group>";
		};
		D55820F82BD61C5A005A00F9 /* Frameworks */ = {
			isa = PBXGroup;
			children = (
			);
			name = Frameworks;
			sourceTree = "<group>";
		};
		D55820FF2BD637BD005A00F9 /* Admin */ = {
			isa = PBXGroup;
			children = (
				1F7C0E4E2BD7B124007D5221 /* ViewModels */,
				1F7C0E4B2BD7A8EB007D5221 /* Schemas */,
				D55821022BD63950005A00F9 /* Views */,
			);
			path = Admin;
			sourceTree = "<group>";
		};
		D55821002BD637C4005A00F9 /* Librarian */ = {
			isa = PBXGroup;
			children = (
				DC1D402A2BD6EB3300970C7B /* Schemas */,
				DC48E7202BD6E75C00794A7C /* Components */,
				D55821032BD63957005A00F9 /* Views */,
			);
			path = Librarian;
			sourceTree = "<group>";
		};
		D55821012BD637CB005A00F9 /* Member */ = {
			isa = PBXGroup;
			children = (
				D5E597132BD97E71007622E4 /* ViewModels */,
				D55821042BD63A66005A00F9 /* Views */,
			);
			path = Member;
			sourceTree = "<group>";
		};
		D55821022BD63950005A00F9 /* Views */ = {
			isa = PBXGroup;
			children = (
				84E87D4E2BD7D3D700FAD5DC /* AdminCategories */,
				DC1D402F2BD77E4B00970C7B /* AdminHomeView.swift */,
				DC1D40312BD77E8000970C7B /* AdminStaffView.swift */,
				DC1D40332BD77E9600970C7B /* AdminTabView.swift */,
				84D3293D2BDE707000E75F81 /* EditStaffDetailsView.swift */,
				84301CB82BDA4B87004CF581 /* StaffDetailsView.swift */,
				1F7C0E512BD7B3B2007D5221 /* AddStaffView.swift */,
			);
			path = Views;
			sourceTree = "<group>";
		};
		D55821032BD63957005A00F9 /* Views */ = {
			isa = PBXGroup;
			children = (
				D55821052BD63AF4005A00F9 /* LibrarianFirstScreenView.swift */,
				DC1D402D2BD76BF000970C7B /* AddBookPage.swift */,
				DC79BDC32BDA23710048F1DE /* UpdateBookPage.swift */,
				DC79BDC52BDA23780048F1DE /* BooksPage.swift */,
				848B46712BD78DF900143E7A /* NotificationView.swift */,
				84E96EDF2BDA2A2700A572BC /* MemberViewList.swift */,
			);
			path = Views;
			sourceTree = "<group>";
		};
		D55821042BD63A66005A00F9 /* Views */ = {
			isa = PBXGroup;
			children = (
				84301CB62BDA13C8004CF581 /* MemberTabView.swift */,
				840A18EC2BE03F2700B9ED91 /* UserProfileView.swift */,
				840A18EE2BE040F700B9ED91 /* TextFieldComponent.swift */,
				D5E597142BD97ED1007622E4 /* MemberTabs */,
			);
			path = Views;
			sourceTree = "<group>";
		};
		D5E597132BD97E71007622E4 /* ViewModels */ = {
			isa = PBXGroup;
			children = (
				841045A82BD8D7D400E801D0 /* AuthViewModel.swift */,
				D57BFDB22BDD24FD0094A0B5 /* UserBooksModel.swift */,
			);
			path = ViewModels;
			sourceTree = "<group>";
		};
		D5E597142BD97ED1007622E4 /* MemberTabs */ = {
			isa = PBXGroup;
			children = (
				84301CB42BDA126F004CF581 /* MemberHome.swift */,
				845F7D712BD8E0BD006831F8 /* Filter.swift */,
				845F7D6F2BD8DFD9006831F8 /* Membership.swift */,
				D57BFDAE2BDD233E0094A0B5 /* Books.swift */,
				D57BFDB02BDD23480094A0B5 /* Support.swift */,
			);
			path = MemberTabs;
			sourceTree = "<group>";
		};
		DC1D402A2BD6EB3300970C7B /* Schemas */ = {
			isa = PBXGroup;
			children = (
				DC1D402B2BD6EB4A00970C7B /* BookSchema.swift */,
			);
			path = Schemas;
			sourceTree = "<group>";
		};
		DC48E7202BD6E75C00794A7C /* Components */ = {
			isa = PBXGroup;
			children = (
				DC48E7212BD6E78000794A7C /* LibrarianViewModel.swift */,
			);
			path = Components;
			sourceTree = "<group>";
		};
/* End PBXGroup section */

/* Begin PBXNativeTarget section */
		D55820C22BD61AB0005A00F9 /* Library Management System */ = {
			isa = PBXNativeTarget;
			buildConfigurationList = D55820E72BD61AB2005A00F9 /* Build configuration list for PBXNativeTarget "Library Management System" */;
			buildPhases = (
				D55820BF2BD61AB0005A00F9 /* Sources */,
				D55820C02BD61AB0005A00F9 /* Frameworks */,
				D55820C12BD61AB0005A00F9 /* Resources */,
			);
			buildRules = (
			);
			dependencies = (
			);
			name = "Library Management System";
			packageProductDependencies = (
				DC853EF62BDF6B8300047DBD /* FirebaseAnalytics */,
				DC853EF82BDF6B8300047DBD /* FirebaseAnalyticsOnDeviceConversion */,
				DC853EFA2BDF6B8300047DBD /* FirebaseAnalyticsSwift */,
				DC853EFC2BDF6B8300047DBD /* FirebaseAnalyticsWithoutAdIdSupport */,
				DC853EFE2BDF6B8300047DBD /* FirebaseAppCheck */,
				DC853F002BDF6B8300047DBD /* FirebaseAppDistribution-Beta */,
				DC853F022BDF6B8300047DBD /* FirebaseAuth */,
				DC853F042BDF6B8300047DBD /* FirebaseAuthCombine-Community */,
				DC853F062BDF6B8300047DBD /* FirebaseCrashlytics */,
				DC853F082BDF6B8300047DBD /* FirebaseDatabase */,
				DC853F0A2BDF6B8300047DBD /* FirebaseDatabaseSwift */,
				DC853F0C2BDF6B8300047DBD /* FirebaseDynamicLinks */,
				DC853F0E2BDF6B8300047DBD /* FirebaseFirestore */,
				DC853F102BDF6B8300047DBD /* FirebaseFirestoreCombine-Community */,
				DC853F122BDF6B8300047DBD /* FirebaseFirestoreSwift */,
				DC853F142BDF6B8300047DBD /* FirebaseFunctions */,
				DC853F162BDF6B8300047DBD /* FirebaseFunctionsCombine-Community */,
				DC853F182BDF6B8300047DBD /* FirebaseInAppMessaging-Beta */,
				DC853F1A2BDF6B8300047DBD /* FirebaseInAppMessagingSwift-Beta */,
				DC853F1C2BDF6B8300047DBD /* FirebaseInstallations */,
				DC853F1E2BDF6B8300047DBD /* FirebaseMLModelDownloader */,
				DC853F202BDF6B8300047DBD /* FirebaseMessaging */,
				DC853F222BDF6B8300047DBD /* FirebasePerformance */,
				DC853F242BDF6B8300047DBD /* FirebaseRemoteConfig */,
				DC853F262BDF6B8300047DBD /* FirebaseRemoteConfigSwift */,
				DC853F282BDF6B8300047DBD /* FirebaseStorage */,
				DC853F2A2BDF6B8300047DBD /* FirebaseStorageCombine-Community */,
			);
			productName = "Library Management System";
			productReference = D55820C32BD61AB0005A00F9 /* Library Management System.app */;
			productType = "com.apple.product-type.application";
		};
		D55820D22BD61AB2005A00F9 /* Library Management SystemTests */ = {
			isa = PBXNativeTarget;
			buildConfigurationList = D55820EA2BD61AB2005A00F9 /* Build configuration list for PBXNativeTarget "Library Management SystemTests" */;
			buildPhases = (
				D55820CF2BD61AB2005A00F9 /* Sources */,
				D55820D02BD61AB2005A00F9 /* Frameworks */,
				D55820D12BD61AB2005A00F9 /* Resources */,
			);
			buildRules = (
			);
			dependencies = (
				D55820D52BD61AB2005A00F9 /* PBXTargetDependency */,
			);
			name = "Library Management SystemTests";
			productName = "Library Management SystemTests";
			productReference = D55820D32BD61AB2005A00F9 /* Library Management SystemTests.xctest */;
			productType = "com.apple.product-type.bundle.unit-test";
		};
		D55820DC2BD61AB2005A00F9 /* Library Management SystemUITests */ = {
			isa = PBXNativeTarget;
			buildConfigurationList = D55820ED2BD61AB2005A00F9 /* Build configuration list for PBXNativeTarget "Library Management SystemUITests" */;
			buildPhases = (
				D55820D92BD61AB2005A00F9 /* Sources */,
				D55820DA2BD61AB2005A00F9 /* Frameworks */,
				D55820DB2BD61AB2005A00F9 /* Resources */,
			);
			buildRules = (
			);
			dependencies = (
				D55820DF2BD61AB2005A00F9 /* PBXTargetDependency */,
			);
			name = "Library Management SystemUITests";
			productName = "Library Management SystemUITests";
			productReference = D55820DD2BD61AB2005A00F9 /* Library Management SystemUITests.xctest */;
			productType = "com.apple.product-type.bundle.ui-testing";
		};
/* End PBXNativeTarget section */

/* Begin PBXProject section */
		D55820BB2BD61AB0005A00F9 /* Project object */ = {
			isa = PBXProject;
			attributes = {
				BuildIndependentTargetsInParallel = 1;
				LastSwiftUpdateCheck = 1530;
				LastUpgradeCheck = 1530;
				TargetAttributes = {
					D55820C22BD61AB0005A00F9 = {
						CreatedOnToolsVersion = 15.3;
					};
					D55820D22BD61AB2005A00F9 = {
						CreatedOnToolsVersion = 15.3;
						TestTargetID = D55820C22BD61AB0005A00F9;
					};
					D55820DC2BD61AB2005A00F9 = {
						CreatedOnToolsVersion = 15.3;
						TestTargetID = D55820C22BD61AB0005A00F9;
					};
				};
			};
			buildConfigurationList = D55820BE2BD61AB0005A00F9 /* Build configuration list for PBXProject "Library Management System" */;
			compatibilityVersion = "Xcode 14.0";
			developmentRegion = en;
			hasScannedForEncodings = 0;
			knownRegions = (
				en,
				Base,
			);
			mainGroup = D55820BA2BD61AB0005A00F9;
			packageReferences = (
				DC853EF52BDF6B8300047DBD /* XCRemoteSwiftPackageReference "firebase-ios-sdk" */,
			);
			productRefGroup = D55820C42BD61AB0005A00F9 /* Products */;
			projectDirPath = "";
			projectRoot = "";
			targets = (
				D55820C22BD61AB0005A00F9 /* Library Management System */,
				D55820D22BD61AB2005A00F9 /* Library Management SystemTests */,
				D55820DC2BD61AB2005A00F9 /* Library Management SystemUITests */,
			);
		};
/* End PBXProject section */

/* Begin PBXResourcesBuildPhase section */
		D55820C12BD61AB0005A00F9 /* Resources */ = {
			isa = PBXResourcesBuildPhase;
			buildActionMask = 2147483647;
			files = (
				D55820CE2BD61AB2005A00F9 /* Preview Assets.xcassets in Resources */,
				1F8461712BD6583B008B7B3E /* Colors.xcassets in Resources */,
				D55820CB2BD61AB2005A00F9 /* Assets.xcassets in Resources */,
				D55820F62BD61BCC005A00F9 /* GoogleService-Info.plist in Resources */,
			);
			runOnlyForDeploymentPostprocessing = 0;
		};
		D55820D12BD61AB2005A00F9 /* Resources */ = {
			isa = PBXResourcesBuildPhase;
			buildActionMask = 2147483647;
			files = (
			);
			runOnlyForDeploymentPostprocessing = 0;
		};
		D55820DB2BD61AB2005A00F9 /* Resources */ = {
			isa = PBXResourcesBuildPhase;
			buildActionMask = 2147483647;
			files = (
			);
			runOnlyForDeploymentPostprocessing = 0;
		};
/* End PBXResourcesBuildPhase section */

/* Begin PBXSourcesBuildPhase section */
		D55820BF2BD61AB0005A00F9 /* Sources */ = {
			isa = PBXSourcesBuildPhase;
			buildActionMask = 2147483647;
			files = (
				D55820F42BD61AF2005A00F9 /* SignupView.swift in Sources */,
				84E87D512BD7D40C00FAD5DC /* AdminCategoriesView.swift in Sources */,
				1F7C0E542BD7B62A007D5221 /* ImagePicker.swift in Sources */,
				1F7C0E502BD7B142007D5221 /* StaffViewModel.swift in Sources */,
				0F85ED872BDA71F800C48C75 /* BookDetailView.swift in Sources */,
				841045A92BD8D7D400E801D0 /* AuthViewModel.swift in Sources */,
				84E87D5B2BD7D4FB00FAD5DC /* AdminCategoriesCard.swift in Sources */,
				DC1D402C2BD6EB4A00970C7B /* BookSchema.swift in Sources */,
				84E87D592BD7D4E200FAD5DC /* AddCategoriesView.swift in Sources */,
				DC79BDC42BDA23710048F1DE /* UpdateBookPage.swift in Sources */,
				840A18ED2BE03F2700B9ED91 /* UserProfileView.swift in Sources */,
				84E87D5F2BD7D52900FAD5DC /* EditCategoriesView.swift in Sources */,
				845F7D702BD8DFD9006831F8 /* Membership.swift in Sources */,
				1F7C0E522BD7B3B2007D5221 /* AddStaffView.swift in Sources */,
				84301CB52BDA126F004CF581 /* MemberHome.swift in Sources */,
				D55820F22BD61ADE005A00F9 /* LoginView.swift in Sources */,
				DC48E7222BD6E78000794A7C /* LibrarianViewModel.swift in Sources */,
				DC1D402E2BD76BF000970C7B /* AddBookPage.swift in Sources */,
				84E87D5D2BD7D51400FAD5DC /* CardListView.swift in Sources */,
				84080F2D2BDE01A3005293B8 /* UpdateCategoriesView.swift in Sources */,
				84E87D552BD7D44800FAD5DC /* AdminSubCategoriesView.swift in Sources */,
				84E87D572BD7D4C300FAD5DC /* AddCategoriesButton.swift in Sources */,
				D57BFDAF2BDD233E0094A0B5 /* Books.swift in Sources */,
				0F85ED832BD902B400C48C75 /* ConfigVIewModel.swift in Sources */,
				DC1D40342BD77E9600970C7B /* AdminTabView.swift in Sources */,
				84080F2F2BDE01B6005293B8 /* UpdateCategoriesButton.swift in Sources */,
				1F84616D2BD6563E008B7B3E /* ThemeProtocol.swift in Sources */,
				0F85ED812BD902A900C48C75 /* ConfigSchema.swift in Sources */,
				DC1D40302BD77E4B00970C7B /* AdminHomeView.swift in Sources */,
				D55820C92BD61AB0005A00F9 /* ContentView.swift in Sources */,
				1F7C0E4D2BD7A920007D5221 /* StaffSchema.swift in Sources */,
				84301CB72BDA13C8004CF581 /* MemberTabView.swift in Sources */,
				D57BFDB32BDD24FD0094A0B5 /* UserBooksModel.swift in Sources */,
				840A18EF2BE040F700B9ED91 /* TextFieldComponent.swift in Sources */,
				DC79BDC62BDA23780048F1DE /* BooksPage.swift in Sources */,
				84D3293E2BDE707000E75F81 /* EditStaffDetailsView.swift in Sources */,
				1F84616F2BD65679008B7B3E /* ThemeManager.swift in Sources */,
				DC1D40322BD77E8000970C7B /* AdminStaffView.swift in Sources */,
				84301CB92BDA4B87004CF581 /* StaffDetailsView.swift in Sources */,
				84E96EE02BDA2A2700A572BC /* MemberViewList.swift in Sources */,
				84E87D612BD7D5EA00FAD5DC /* CardListDetailView.swift in Sources */,
				D55821062BD63AF4005A00F9 /* LibrarianFirstScreenView.swift in Sources */,
				D57BFDB12BDD23480094A0B5 /* Support.swift in Sources */,
				845F7D722BD8E0BD006831F8 /* Filter.swift in Sources */,
				D55820C72BD61AB0005A00F9 /* Library_Management_SystemApp.swift in Sources */,
				848B46722BD78DF900143E7A /* NotificationView.swift in Sources */,
			);
			runOnlyForDeploymentPostprocessing = 0;
		};
		D55820CF2BD61AB2005A00F9 /* Sources */ = {
			isa = PBXSourcesBuildPhase;
			buildActionMask = 2147483647;
			files = (
				D55820D82BD61AB2005A00F9 /* Library_Management_SystemTests.swift in Sources */,
			);
			runOnlyForDeploymentPostprocessing = 0;
		};
		D55820D92BD61AB2005A00F9 /* Sources */ = {
			isa = PBXSourcesBuildPhase;
			buildActionMask = 2147483647;
			files = (
				D55820E42BD61AB2005A00F9 /* Library_Management_SystemUITestsLaunchTests.swift in Sources */,
				D55820E22BD61AB2005A00F9 /* Library_Management_SystemUITests.swift in Sources */,
			);
			runOnlyForDeploymentPostprocessing = 0;
		};
/* End PBXSourcesBuildPhase section */

/* Begin PBXTargetDependency section */
		D55820D52BD61AB2005A00F9 /* PBXTargetDependency */ = {
			isa = PBXTargetDependency;
			target = D55820C22BD61AB0005A00F9 /* Library Management System */;
			targetProxy = D55820D42BD61AB2005A00F9 /* PBXContainerItemProxy */;
		};
		D55820DF2BD61AB2005A00F9 /* PBXTargetDependency */ = {
			isa = PBXTargetDependency;
			target = D55820C22BD61AB0005A00F9 /* Library Management System */;
			targetProxy = D55820DE2BD61AB2005A00F9 /* PBXContainerItemProxy */;
		};
/* End PBXTargetDependency section */

/* Begin XCBuildConfiguration section */
		D55820E52BD61AB2005A00F9 /* Debug */ = {
			isa = XCBuildConfiguration;
			buildSettings = {
				ALWAYS_SEARCH_USER_PATHS = NO;
				ASSETCATALOG_COMPILER_GENERATE_SWIFT_ASSET_SYMBOL_EXTENSIONS = YES;
				CLANG_ANALYZER_NONNULL = YES;
				CLANG_ANALYZER_NUMBER_OBJECT_CONVERSION = YES_AGGRESSIVE;
				CLANG_CXX_LANGUAGE_STANDARD = "gnu++20";
				CLANG_ENABLE_MODULES = YES;
				CLANG_ENABLE_OBJC_ARC = YES;
				CLANG_ENABLE_OBJC_WEAK = YES;
				CLANG_WARN_BLOCK_CAPTURE_AUTORELEASING = YES;
				CLANG_WARN_BOOL_CONVERSION = YES;
				CLANG_WARN_COMMA = YES;
				CLANG_WARN_CONSTANT_CONVERSION = YES;
				CLANG_WARN_DEPRECATED_OBJC_IMPLEMENTATIONS = YES;
				CLANG_WARN_DIRECT_OBJC_ISA_USAGE = YES_ERROR;
				CLANG_WARN_DOCUMENTATION_COMMENTS = YES;
				CLANG_WARN_EMPTY_BODY = YES;
				CLANG_WARN_ENUM_CONVERSION = YES;
				CLANG_WARN_INFINITE_RECURSION = YES;
				CLANG_WARN_INT_CONVERSION = YES;
				CLANG_WARN_NON_LITERAL_NULL_CONVERSION = YES;
				CLANG_WARN_OBJC_IMPLICIT_RETAIN_SELF = YES;
				CLANG_WARN_OBJC_LITERAL_CONVERSION = YES;
				CLANG_WARN_OBJC_ROOT_CLASS = YES_ERROR;
				CLANG_WARN_QUOTED_INCLUDE_IN_FRAMEWORK_HEADER = YES;
				CLANG_WARN_RANGE_LOOP_ANALYSIS = YES;
				CLANG_WARN_STRICT_PROTOTYPES = YES;
				CLANG_WARN_SUSPICIOUS_MOVE = YES;
				CLANG_WARN_UNGUARDED_AVAILABILITY = YES_AGGRESSIVE;
				CLANG_WARN_UNREACHABLE_CODE = YES;
				CLANG_WARN__DUPLICATE_METHOD_MATCH = YES;
				COPY_PHASE_STRIP = NO;
				DEBUG_INFORMATION_FORMAT = dwarf;
				ENABLE_STRICT_OBJC_MSGSEND = YES;
				ENABLE_TESTABILITY = YES;
				ENABLE_USER_SCRIPT_SANDBOXING = YES;
				GCC_C_LANGUAGE_STANDARD = gnu17;
				GCC_DYNAMIC_NO_PIC = NO;
				GCC_NO_COMMON_BLOCKS = YES;
				GCC_OPTIMIZATION_LEVEL = 0;
				GCC_PREPROCESSOR_DEFINITIONS = (
					"DEBUG=1",
					"$(inherited)",
				);
				GCC_WARN_64_TO_32_BIT_CONVERSION = YES;
				GCC_WARN_ABOUT_RETURN_TYPE = YES_ERROR;
				GCC_WARN_UNDECLARED_SELECTOR = YES;
				GCC_WARN_UNINITIALIZED_AUTOS = YES_AGGRESSIVE;
				GCC_WARN_UNUSED_FUNCTION = YES;
				GCC_WARN_UNUSED_VARIABLE = YES;
				IPHONEOS_DEPLOYMENT_TARGET = 17.4;
				LOCALIZATION_PREFERS_STRING_CATALOGS = YES;
				MTL_ENABLE_DEBUG_INFO = INCLUDE_SOURCE;
				MTL_FAST_MATH = YES;
				ONLY_ACTIVE_ARCH = YES;
				SDKROOT = iphoneos;
				SWIFT_ACTIVE_COMPILATION_CONDITIONS = "DEBUG $(inherited)";
				SWIFT_OPTIMIZATION_LEVEL = "-Onone";
			};
			name = Debug;
		};
		D55820E62BD61AB2005A00F9 /* Release */ = {
			isa = XCBuildConfiguration;
			buildSettings = {
				ALWAYS_SEARCH_USER_PATHS = NO;
				ASSETCATALOG_COMPILER_GENERATE_SWIFT_ASSET_SYMBOL_EXTENSIONS = YES;
				CLANG_ANALYZER_NONNULL = YES;
				CLANG_ANALYZER_NUMBER_OBJECT_CONVERSION = YES_AGGRESSIVE;
				CLANG_CXX_LANGUAGE_STANDARD = "gnu++20";
				CLANG_ENABLE_MODULES = YES;
				CLANG_ENABLE_OBJC_ARC = YES;
				CLANG_ENABLE_OBJC_WEAK = YES;
				CLANG_WARN_BLOCK_CAPTURE_AUTORELEASING = YES;
				CLANG_WARN_BOOL_CONVERSION = YES;
				CLANG_WARN_COMMA = YES;
				CLANG_WARN_CONSTANT_CONVERSION = YES;
				CLANG_WARN_DEPRECATED_OBJC_IMPLEMENTATIONS = YES;
				CLANG_WARN_DIRECT_OBJC_ISA_USAGE = YES_ERROR;
				CLANG_WARN_DOCUMENTATION_COMMENTS = YES;
				CLANG_WARN_EMPTY_BODY = YES;
				CLANG_WARN_ENUM_CONVERSION = YES;
				CLANG_WARN_INFINITE_RECURSION = YES;
				CLANG_WARN_INT_CONVERSION = YES;
				CLANG_WARN_NON_LITERAL_NULL_CONVERSION = YES;
				CLANG_WARN_OBJC_IMPLICIT_RETAIN_SELF = YES;
				CLANG_WARN_OBJC_LITERAL_CONVERSION = YES;
				CLANG_WARN_OBJC_ROOT_CLASS = YES_ERROR;
				CLANG_WARN_QUOTED_INCLUDE_IN_FRAMEWORK_HEADER = YES;
				CLANG_WARN_RANGE_LOOP_ANALYSIS = YES;
				CLANG_WARN_STRICT_PROTOTYPES = YES;
				CLANG_WARN_SUSPICIOUS_MOVE = YES;
				CLANG_WARN_UNGUARDED_AVAILABILITY = YES_AGGRESSIVE;
				CLANG_WARN_UNREACHABLE_CODE = YES;
				CLANG_WARN__DUPLICATE_METHOD_MATCH = YES;
				COPY_PHASE_STRIP = NO;
				DEBUG_INFORMATION_FORMAT = "dwarf-with-dsym";
				ENABLE_NS_ASSERTIONS = NO;
				ENABLE_STRICT_OBJC_MSGSEND = YES;
				ENABLE_USER_SCRIPT_SANDBOXING = YES;
				GCC_C_LANGUAGE_STANDARD = gnu17;
				GCC_NO_COMMON_BLOCKS = YES;
				GCC_WARN_64_TO_32_BIT_CONVERSION = YES;
				GCC_WARN_ABOUT_RETURN_TYPE = YES_ERROR;
				GCC_WARN_UNDECLARED_SELECTOR = YES;
				GCC_WARN_UNINITIALIZED_AUTOS = YES_AGGRESSIVE;
				GCC_WARN_UNUSED_FUNCTION = YES;
				GCC_WARN_UNUSED_VARIABLE = YES;
				IPHONEOS_DEPLOYMENT_TARGET = 17.4;
				LOCALIZATION_PREFERS_STRING_CATALOGS = YES;
				MTL_ENABLE_DEBUG_INFO = NO;
				MTL_FAST_MATH = YES;
				SDKROOT = iphoneos;
				SWIFT_COMPILATION_MODE = wholemodule;
				VALIDATE_PRODUCT = YES;
			};
			name = Release;
		};
		D55820E82BD61AB2005A00F9 /* Debug */ = {
			isa = XCBuildConfiguration;
			buildSettings = {
				ASSETCATALOG_COMPILER_APPICON_NAME = AppIcon;
				ASSETCATALOG_COMPILER_GLOBAL_ACCENT_COLOR_NAME = AccentColor;
				CODE_SIGN_STYLE = Automatic;
				CURRENT_PROJECT_VERSION = 1;
				DEVELOPMENT_ASSET_PATHS = "\"Library Management System/Preview Content\"";
				DEVELOPMENT_TEAM = GP2US6Q3RD;
				ENABLE_PREVIEWS = YES;
				GENERATE_INFOPLIST_FILE = YES;
				INFOPLIST_KEY_UIApplicationSceneManifest_Generation = YES;
				INFOPLIST_KEY_UIApplicationSupportsIndirectInputEvents = YES;
				INFOPLIST_KEY_UILaunchScreen_Generation = YES;
				INFOPLIST_KEY_UISupportedInterfaceOrientations_iPad = "UIInterfaceOrientationPortrait UIInterfaceOrientationPortraitUpsideDown UIInterfaceOrientationLandscapeLeft UIInterfaceOrientationLandscapeRight";
				INFOPLIST_KEY_UISupportedInterfaceOrientations_iPhone = "UIInterfaceOrientationPortrait UIInterfaceOrientationLandscapeLeft UIInterfaceOrientationLandscapeRight";
				LD_RUNPATH_SEARCH_PATHS = (
					"$(inherited)",
					"@executable_path/Frameworks",
				);
				MARKETING_VERSION = 1.0;
				PRODUCT_BUNDLE_IDENTIFIER = "abhiDev.Library-Management-System";
				PRODUCT_NAME = "$(TARGET_NAME)";
				SWIFT_EMIT_LOC_STRINGS = YES;
				SWIFT_VERSION = 5.0;
				TARGETED_DEVICE_FAMILY = "1,2";
			};
			name = Debug;
		};
		D55820E92BD61AB2005A00F9 /* Release */ = {
			isa = XCBuildConfiguration;
			buildSettings = {
				ASSETCATALOG_COMPILER_APPICON_NAME = AppIcon;
				ASSETCATALOG_COMPILER_GLOBAL_ACCENT_COLOR_NAME = AccentColor;
				CODE_SIGN_STYLE = Automatic;
				CURRENT_PROJECT_VERSION = 1;
				DEVELOPMENT_ASSET_PATHS = "\"Library Management System/Preview Content\"";
				DEVELOPMENT_TEAM = GP2US6Q3RD;
				ENABLE_PREVIEWS = YES;
				GENERATE_INFOPLIST_FILE = YES;
				INFOPLIST_KEY_UIApplicationSceneManifest_Generation = YES;
				INFOPLIST_KEY_UIApplicationSupportsIndirectInputEvents = YES;
				INFOPLIST_KEY_UILaunchScreen_Generation = YES;
				INFOPLIST_KEY_UISupportedInterfaceOrientations_iPad = "UIInterfaceOrientationPortrait UIInterfaceOrientationPortraitUpsideDown UIInterfaceOrientationLandscapeLeft UIInterfaceOrientationLandscapeRight";
				INFOPLIST_KEY_UISupportedInterfaceOrientations_iPhone = "UIInterfaceOrientationPortrait UIInterfaceOrientationLandscapeLeft UIInterfaceOrientationLandscapeRight";
				LD_RUNPATH_SEARCH_PATHS = (
					"$(inherited)",
					"@executable_path/Frameworks",
				);
				MARKETING_VERSION = 1.0;
				PRODUCT_BUNDLE_IDENTIFIER = "abhiDev.Library-Management-System";
				PRODUCT_NAME = "$(TARGET_NAME)";
				SWIFT_EMIT_LOC_STRINGS = YES;
				SWIFT_VERSION = 5.0;
				TARGETED_DEVICE_FAMILY = "1,2";
			};
			name = Release;
		};
		D55820EB2BD61AB2005A00F9 /* Debug */ = {
			isa = XCBuildConfiguration;
			buildSettings = {
				ALWAYS_EMBED_SWIFT_STANDARD_LIBRARIES = YES;
				BUNDLE_LOADER = "$(TEST_HOST)";
				CODE_SIGN_STYLE = Automatic;
				CURRENT_PROJECT_VERSION = 1;
				DEVELOPMENT_TEAM = 8GNM624FRA;
				GENERATE_INFOPLIST_FILE = YES;
				IPHONEOS_DEPLOYMENT_TARGET = 17.4;
				MARKETING_VERSION = 1.0;
				PRODUCT_BUNDLE_IDENTIFIER = "abhiDev.Library-Management-SystemTests";
				PRODUCT_NAME = "$(TARGET_NAME)";
				SWIFT_EMIT_LOC_STRINGS = NO;
				SWIFT_VERSION = 5.0;
				TARGETED_DEVICE_FAMILY = "1,2";
				TEST_HOST = "$(BUILT_PRODUCTS_DIR)/Library Management System.app/$(BUNDLE_EXECUTABLE_FOLDER_PATH)/Library Management System";
			};
			name = Debug;
		};
		D55820EC2BD61AB2005A00F9 /* Release */ = {
			isa = XCBuildConfiguration;
			buildSettings = {
				ALWAYS_EMBED_SWIFT_STANDARD_LIBRARIES = YES;
				BUNDLE_LOADER = "$(TEST_HOST)";
				CODE_SIGN_STYLE = Automatic;
				CURRENT_PROJECT_VERSION = 1;
				DEVELOPMENT_TEAM = 8GNM624FRA;
				GENERATE_INFOPLIST_FILE = YES;
				IPHONEOS_DEPLOYMENT_TARGET = 17.4;
				MARKETING_VERSION = 1.0;
				PRODUCT_BUNDLE_IDENTIFIER = "abhiDev.Library-Management-SystemTests";
				PRODUCT_NAME = "$(TARGET_NAME)";
				SWIFT_EMIT_LOC_STRINGS = NO;
				SWIFT_VERSION = 5.0;
				TARGETED_DEVICE_FAMILY = "1,2";
				TEST_HOST = "$(BUILT_PRODUCTS_DIR)/Library Management System.app/$(BUNDLE_EXECUTABLE_FOLDER_PATH)/Library Management System";
			};
			name = Release;
		};
		D55820EE2BD61AB2005A00F9 /* Debug */ = {
			isa = XCBuildConfiguration;
			buildSettings = {
				ALWAYS_EMBED_SWIFT_STANDARD_LIBRARIES = YES;
				CODE_SIGN_STYLE = Automatic;
				CURRENT_PROJECT_VERSION = 1;
				DEVELOPMENT_TEAM = 8GNM624FRA;
				GENERATE_INFOPLIST_FILE = YES;
				MARKETING_VERSION = 1.0;
				PRODUCT_BUNDLE_IDENTIFIER = "abhiDev.Library-Management-SystemUITests";
				PRODUCT_NAME = "$(TARGET_NAME)";
				SWIFT_EMIT_LOC_STRINGS = NO;
				SWIFT_VERSION = 5.0;
				TARGETED_DEVICE_FAMILY = "1,2";
				TEST_TARGET_NAME = "Library Management System";
			};
			name = Debug;
		};
		D55820EF2BD61AB2005A00F9 /* Release */ = {
			isa = XCBuildConfiguration;
			buildSettings = {
				ALWAYS_EMBED_SWIFT_STANDARD_LIBRARIES = YES;
				CODE_SIGN_STYLE = Automatic;
				CURRENT_PROJECT_VERSION = 1;
				DEVELOPMENT_TEAM = 8GNM624FRA;
				GENERATE_INFOPLIST_FILE = YES;
				MARKETING_VERSION = 1.0;
				PRODUCT_BUNDLE_IDENTIFIER = "abhiDev.Library-Management-SystemUITests";
				PRODUCT_NAME = "$(TARGET_NAME)";
				SWIFT_EMIT_LOC_STRINGS = NO;
				SWIFT_VERSION = 5.0;
				TARGETED_DEVICE_FAMILY = "1,2";
				TEST_TARGET_NAME = "Library Management System";
			};
			name = Release;
		};
/* End XCBuildConfiguration section */

/* Begin XCConfigurationList section */
		D55820BE2BD61AB0005A00F9 /* Build configuration list for PBXProject "Library Management System" */ = {
			isa = XCConfigurationList;
			buildConfigurations = (
				D55820E52BD61AB2005A00F9 /* Debug */,
				D55820E62BD61AB2005A00F9 /* Release */,
			);
			defaultConfigurationIsVisible = 0;
			defaultConfigurationName = Release;
		};
		D55820E72BD61AB2005A00F9 /* Build configuration list for PBXNativeTarget "Library Management System" */ = {
			isa = XCConfigurationList;
			buildConfigurations = (
				D55820E82BD61AB2005A00F9 /* Debug */,
				D55820E92BD61AB2005A00F9 /* Release */,
			);
			defaultConfigurationIsVisible = 0;
			defaultConfigurationName = Release;
		};
		D55820EA2BD61AB2005A00F9 /* Build configuration list for PBXNativeTarget "Library Management SystemTests" */ = {
			isa = XCConfigurationList;
			buildConfigurations = (
				D55820EB2BD61AB2005A00F9 /* Debug */,
				D55820EC2BD61AB2005A00F9 /* Release */,
			);
			defaultConfigurationIsVisible = 0;
			defaultConfigurationName = Release;
		};
		D55820ED2BD61AB2005A00F9 /* Build configuration list for PBXNativeTarget "Library Management SystemUITests" */ = {
			isa = XCConfigurationList;
			buildConfigurations = (
				D55820EE2BD61AB2005A00F9 /* Debug */,
				D55820EF2BD61AB2005A00F9 /* Release */,
			);
			defaultConfigurationIsVisible = 0;
			defaultConfigurationName = Release;
		};
/* End XCConfigurationList section */

/* Begin XCRemoteSwiftPackageReference section */
		DC853EF52BDF6B8300047DBD /* XCRemoteSwiftPackageReference "firebase-ios-sdk" */ = {
			isa = XCRemoteSwiftPackageReference;
			repositoryURL = "https://github.com/firebase/firebase-ios-sdk";
			requirement = {
				kind = upToNextMajorVersion;
				minimumVersion = 10.24.0;
			};
		};
/* End XCRemoteSwiftPackageReference section */

/* Begin XCSwiftPackageProductDependency section */
		DC853EF62BDF6B8300047DBD /* FirebaseAnalytics */ = {
			isa = XCSwiftPackageProductDependency;
			package = DC853EF52BDF6B8300047DBD /* XCRemoteSwiftPackageReference "firebase-ios-sdk" */;
			productName = FirebaseAnalytics;
		};
		DC853EF82BDF6B8300047DBD /* FirebaseAnalyticsOnDeviceConversion */ = {
			isa = XCSwiftPackageProductDependency;
			package = DC853EF52BDF6B8300047DBD /* XCRemoteSwiftPackageReference "firebase-ios-sdk" */;
			productName = FirebaseAnalyticsOnDeviceConversion;
		};
		DC853EFA2BDF6B8300047DBD /* FirebaseAnalyticsSwift */ = {
			isa = XCSwiftPackageProductDependency;
			package = DC853EF52BDF6B8300047DBD /* XCRemoteSwiftPackageReference "firebase-ios-sdk" */;
			productName = FirebaseAnalyticsSwift;
		};
		DC853EFC2BDF6B8300047DBD /* FirebaseAnalyticsWithoutAdIdSupport */ = {
			isa = XCSwiftPackageProductDependency;
			package = DC853EF52BDF6B8300047DBD /* XCRemoteSwiftPackageReference "firebase-ios-sdk" */;
			productName = FirebaseAnalyticsWithoutAdIdSupport;
		};
		DC853EFE2BDF6B8300047DBD /* FirebaseAppCheck */ = {
			isa = XCSwiftPackageProductDependency;
			package = DC853EF52BDF6B8300047DBD /* XCRemoteSwiftPackageReference "firebase-ios-sdk" */;
			productName = FirebaseAppCheck;
		};
		DC853F002BDF6B8300047DBD /* FirebaseAppDistribution-Beta */ = {
			isa = XCSwiftPackageProductDependency;
			package = DC853EF52BDF6B8300047DBD /* XCRemoteSwiftPackageReference "firebase-ios-sdk" */;
			productName = "FirebaseAppDistribution-Beta";
		};
		DC853F022BDF6B8300047DBD /* FirebaseAuth */ = {
			isa = XCSwiftPackageProductDependency;
			package = DC853EF52BDF6B8300047DBD /* XCRemoteSwiftPackageReference "firebase-ios-sdk" */;
			productName = FirebaseAuth;
		};
		DC853F042BDF6B8300047DBD /* FirebaseAuthCombine-Community */ = {
			isa = XCSwiftPackageProductDependency;
			package = DC853EF52BDF6B8300047DBD /* XCRemoteSwiftPackageReference "firebase-ios-sdk" */;
			productName = "FirebaseAuthCombine-Community";
		};
		DC853F062BDF6B8300047DBD /* FirebaseCrashlytics */ = {
			isa = XCSwiftPackageProductDependency;
			package = DC853EF52BDF6B8300047DBD /* XCRemoteSwiftPackageReference "firebase-ios-sdk" */;
			productName = FirebaseCrashlytics;
		};
		DC853F082BDF6B8300047DBD /* FirebaseDatabase */ = {
			isa = XCSwiftPackageProductDependency;
			package = DC853EF52BDF6B8300047DBD /* XCRemoteSwiftPackageReference "firebase-ios-sdk" */;
			productName = FirebaseDatabase;
		};
		DC853F0A2BDF6B8300047DBD /* FirebaseDatabaseSwift */ = {
			isa = XCSwiftPackageProductDependency;
			package = DC853EF52BDF6B8300047DBD /* XCRemoteSwiftPackageReference "firebase-ios-sdk" */;
			productName = FirebaseDatabaseSwift;
		};
		DC853F0C2BDF6B8300047DBD /* FirebaseDynamicLinks */ = {
			isa = XCSwiftPackageProductDependency;
			package = DC853EF52BDF6B8300047DBD /* XCRemoteSwiftPackageReference "firebase-ios-sdk" */;
			productName = FirebaseDynamicLinks;
		};
		DC853F0E2BDF6B8300047DBD /* FirebaseFirestore */ = {
			isa = XCSwiftPackageProductDependency;
			package = DC853EF52BDF6B8300047DBD /* XCRemoteSwiftPackageReference "firebase-ios-sdk" */;
			productName = FirebaseFirestore;
		};
		DC853F102BDF6B8300047DBD /* FirebaseFirestoreCombine-Community */ = {
			isa = XCSwiftPackageProductDependency;
			package = DC853EF52BDF6B8300047DBD /* XCRemoteSwiftPackageReference "firebase-ios-sdk" */;
			productName = "FirebaseFirestoreCombine-Community";
		};
		DC853F122BDF6B8300047DBD /* FirebaseFirestoreSwift */ = {
			isa = XCSwiftPackageProductDependency;
			package = DC853EF52BDF6B8300047DBD /* XCRemoteSwiftPackageReference "firebase-ios-sdk" */;
			productName = FirebaseFirestoreSwift;
		};
		DC853F142BDF6B8300047DBD /* FirebaseFunctions */ = {
			isa = XCSwiftPackageProductDependency;
			package = DC853EF52BDF6B8300047DBD /* XCRemoteSwiftPackageReference "firebase-ios-sdk" */;
			productName = FirebaseFunctions;
		};
		DC853F162BDF6B8300047DBD /* FirebaseFunctionsCombine-Community */ = {
			isa = XCSwiftPackageProductDependency;
			package = DC853EF52BDF6B8300047DBD /* XCRemoteSwiftPackageReference "firebase-ios-sdk" */;
			productName = "FirebaseFunctionsCombine-Community";
		};
		DC853F182BDF6B8300047DBD /* FirebaseInAppMessaging-Beta */ = {
			isa = XCSwiftPackageProductDependency;
			package = DC853EF52BDF6B8300047DBD /* XCRemoteSwiftPackageReference "firebase-ios-sdk" */;
			productName = "FirebaseInAppMessaging-Beta";
		};
		DC853F1A2BDF6B8300047DBD /* FirebaseInAppMessagingSwift-Beta */ = {
			isa = XCSwiftPackageProductDependency;
			package = DC853EF52BDF6B8300047DBD /* XCRemoteSwiftPackageReference "firebase-ios-sdk" */;
			productName = "FirebaseInAppMessagingSwift-Beta";
		};
		DC853F1C2BDF6B8300047DBD /* FirebaseInstallations */ = {
			isa = XCSwiftPackageProductDependency;
			package = DC853EF52BDF6B8300047DBD /* XCRemoteSwiftPackageReference "firebase-ios-sdk" */;
			productName = FirebaseInstallations;
		};
		DC853F1E2BDF6B8300047DBD /* FirebaseMLModelDownloader */ = {
			isa = XCSwiftPackageProductDependency;
			package = DC853EF52BDF6B8300047DBD /* XCRemoteSwiftPackageReference "firebase-ios-sdk" */;
			productName = FirebaseMLModelDownloader;
		};
		DC853F202BDF6B8300047DBD /* FirebaseMessaging */ = {
			isa = XCSwiftPackageProductDependency;
			package = DC853EF52BDF6B8300047DBD /* XCRemoteSwiftPackageReference "firebase-ios-sdk" */;
			productName = FirebaseMessaging;
		};
		DC853F222BDF6B8300047DBD /* FirebasePerformance */ = {
			isa = XCSwiftPackageProductDependency;
			package = DC853EF52BDF6B8300047DBD /* XCRemoteSwiftPackageReference "firebase-ios-sdk" */;
			productName = FirebasePerformance;
		};
		DC853F242BDF6B8300047DBD /* FirebaseRemoteConfig */ = {
			isa = XCSwiftPackageProductDependency;
			package = DC853EF52BDF6B8300047DBD /* XCRemoteSwiftPackageReference "firebase-ios-sdk" */;
			productName = FirebaseRemoteConfig;
		};
		DC853F262BDF6B8300047DBD /* FirebaseRemoteConfigSwift */ = {
			isa = XCSwiftPackageProductDependency;
			package = DC853EF52BDF6B8300047DBD /* XCRemoteSwiftPackageReference "firebase-ios-sdk" */;
			productName = FirebaseRemoteConfigSwift;
		};
		DC853F282BDF6B8300047DBD /* FirebaseStorage */ = {
			isa = XCSwiftPackageProductDependency;
			package = DC853EF52BDF6B8300047DBD /* XCRemoteSwiftPackageReference "firebase-ios-sdk" */;
			productName = FirebaseStorage;
		};
		DC853F2A2BDF6B8300047DBD /* FirebaseStorageCombine-Community */ = {
			isa = XCSwiftPackageProductDependency;
			package = DC853EF52BDF6B8300047DBD /* XCRemoteSwiftPackageReference "firebase-ios-sdk" */;
			productName = "FirebaseStorageCombine-Community";
		};
/* End XCSwiftPackageProductDependency section */
	};
	rootObject = D55820BB2BD61AB0005A00F9 /* Project object */;
}
